{
    "_readme": [
        "This file locks the dependencies of your project to a known state",
        "Read more about it at https://getcomposer.org/doc/01-basic-usage.md#installing-dependencies",
        "This file is @generated automatically"
    ],
    "content-hash": "5f6377b90eaf07e1254b112293f12334",
    "packages": [
        {
            "name": "fgrosse/phpasn1",
            "version": "2.0.1",
            "source": {
                "type": "git",
                "url": "https://github.com/fgrosse/PHPASN1.git",
                "reference": "0e27e71e3d0a8d5c3f1471d727fd9574d920f33c"
            },
            "dist": {
                "type": "zip",
                "url": "https://api.github.com/repos/fgrosse/PHPASN1/zipball/0e27e71e3d0a8d5c3f1471d727fd9574d920f33c",
                "reference": "0e27e71e3d0a8d5c3f1471d727fd9574d920f33c",
                "shasum": ""
            },
            "require": {
                "ext-gmp": "*",
                "php": ">=7.0.0"
            },
            "require-dev": {
                "phpunit/phpunit": "~6.3",
                "satooshi/php-coveralls": "dev-master"
            },
            "suggest": {
                "php-curl": "For loading OID information from the web if they have not bee defined statically"
            },
            "type": "library",
            "extra": {
                "branch-alias": {
                    "dev-master": "2.0.x-dev"
                }
            },
            "autoload": {
                "psr-4": {
                    "FG\\": "lib/"
                }
            },
            "notification-url": "https://packagist.org/downloads/",
            "license": [
                "MIT"
            ],
            "authors": [
                {
                    "name": "Friedrich Große",
                    "email": "friedrich.grosse@gmail.com",
                    "homepage": "https://github.com/FGrosse",
                    "role": "Author"
                },
                {
                    "name": "All contributors",
                    "homepage": "https://github.com/FGrosse/PHPASN1/contributors"
                }
            ],
            "description": "A PHP Framework that allows you to encode and decode arbitrary ASN.1 structures using the ITU-T X.690 Encoding Rules.",
            "homepage": "https://github.com/FGrosse/PHPASN1",
            "keywords": [
                "DER",
                "asn.1",
                "asn1",
                "ber",
                "binary",
                "decoding",
                "encoding",
                "x.509",
                "x.690",
                "x509",
                "x690"
            ],
            "time": "2017-12-17T10:21:51+00:00"
        },
        {
            "name": "infiniteworld/binaryutils",
            "version": "dev-master_32-bit",
            "source": {
                "type": "git",
                "url": "https://github.com/InfiniteWorld/BinaryUtils_MoreSupport.git",
                "reference": "5f53cd84d817cc49351cf9bb5ec4e6e9667f0c21"
            },
            "dist": {
                "type": "zip",
                "url": "https://api.github.com/repos/InfiniteWorld/BinaryUtils_MoreSupport/zipball/5f53cd84d817cc49351cf9bb5ec4e6e9667f0c21",
                "reference": "5f53cd84d817cc49351cf9bb5ec4e6e9667f0c21",
                "shasum": ""
            },
            "require": {
                "php": ">=7.2"
            },
            "type": "library",
            "autoload": {
                "psr-4": {
                    "pocketmine\\utils\\": "src/"
                }
            },
            "license": [
                "LGPL-3.0"
            ],
            "description": "Classes and methods for conveniently handling binary data",
            "support": {
                "source": "https://github.com/InfiniteWorld/BinaryUtils_MoreSupport/tree/master_32-bit"
            },
            "time": "2018-09-02T05:24:52+00:00"
        },
        {
            "name": "infiniteworld/math",
            "version": "dev-master_32-bit",
            "source": {
                "type": "git",
                "url": "https://github.com/InfiniteWorld/Math_MoreSupport.git",
                "reference": "662098535b3ef45fcd2df60bdd94d7752bd5d4a0"
            },
            "dist": {
                "type": "zip",
                "url": "https://api.github.com/repos/InfiniteWorld/Math_MoreSupport/zipball/662098535b3ef45fcd2df60bdd94d7752bd5d4a0",
                "reference": "662098535b3ef45fcd2df60bdd94d7752bd5d4a0",
                "shasum": ""
            },
            "require": {
                "php": ">=7.2.0"
            },
            "type": "library",
            "autoload": {
                "psr-4": {
                    "pocketmine\\math\\": "src/"
                }
            },
            "autoload-dev": {
                "psr-4": {
                    "pocketmine\\math\\": "tests/phpunit/"
                }
            },
            "license": [
                "LGPL-3.0"
            ],
            "description": "PHP library containing math related code used in PocketMine-MP",
            "support": {
                "source": "https://github.com/InfiniteWorld/Math_MoreSupport/tree/master_32-bit"
            },
            "time": "2018-09-28T09:25:47+00:00"
        },
        {
            "name": "infiniteworld/nbt",
            "version": "dev-master_32-bit",
            "source": {
                "type": "git",
                "url": "https://github.com/InfiniteWorld/NBT_MoreSupport.git",
                "reference": "7b6ad4dd28c6d4a245698515db7143269acf59ba"
            },
            "dist": {
                "type": "zip",
                "url": "https://api.github.com/repos/InfiniteWorld/NBT_MoreSupport/zipball/7b6ad4dd28c6d4a245698515db7143269acf59ba",
                "reference": "7b6ad4dd28c6d4a245698515db7143269acf59ba",
                "shasum": ""
            },
            "require": {
                "infiniteworld/binaryutils": "^0.1.0",
                "php": ">=7.2.0"
            },
            "type": "library",
            "autoload": {
                "psr-4": {
                    "pocketmine\\nbt\\": "src/"
                }
            },
            "autoload-dev": {
                "psr-4": {
                    "pocketmine\\nbt\\": "tests/phpunit/"
                }
            },
            "license": [
                "LGPL-3.0"
            ],
            "description": "PHP library for working with Named Binary Tags",
            "support": {
                "source": "https://github.com/InfiniteWorld/NBT_MoreSupport/tree/master_32-bit"
            },
            "time": "2018-09-28T09:26:39+00:00"
        },
        {
            "name": "infiniteworld/raklib",
            "version": "dev-master_32-bit",
            "source": {
                "type": "git",
                "url": "https://github.com/InfiniteWorld/RakLib_MoreSupport.git",
                "reference": "b25233943820e37ee7a77dfc5cf735a3591ba1c9"
            },
            "dist": {
                "type": "zip",
                "url": "https://api.github.com/repos/InfiniteWorld/RakLib_MoreSupport/zipball/b25233943820e37ee7a77dfc5cf735a3591ba1c9",
                "reference": "b25233943820e37ee7a77dfc5cf735a3591ba1c9",
                "shasum": ""
            },
            "require": {
                "ext-bcmath": "*",
                "ext-pthreads": ">=3.1.7dev",
                "ext-sockets": "*",
                "infiniteworld/binaryutils": "^0.1.0",
                "infiniteworld/snooze": "^0.1.0",
                "php": ">=7.2.0",
                "php-ipv6": "*",
                "pocketmine/spl": "^0.3.0"
            },
            "type": "library",
            "autoload": {
                "psr-4": {
                    "raklib\\": "src/"
                }
            },
            "license": [
                "GPL-3.0"
            ],
            "description": "A RakNet server implementation written in PHP",
            "support": {
                "source": "https://github.com/InfiniteWorld/RakLib_MoreSupport/tree/master_32-bit"
            },
            "time": "2018-09-02T05:26:36+00:00"
        },
        {
            "name": "infiniteworld/snooze",
            "version": "dev-master_32-bit",
            "source": {
                "type": "git",
                "url": "https://github.com/InfiniteWorld/Snooze_MoreSupport.git",
                "reference": "b3f6d6a6d70a718c1ae67a277c1b0ec18c684f92"
            },
            "dist": {
                "type": "zip",
                "url": "https://api.github.com/repos/InfiniteWorld/Snooze_MoreSupport/zipball/b3f6d6a6d70a718c1ae67a277c1b0ec18c684f92",
                "reference": "b3f6d6a6d70a718c1ae67a277c1b0ec18c684f92",
                "shasum": ""
            },
            "require": {
                "ext-pthreads": ">=3.1.7dev",
                "php": ">=7.2.0"
            },
            "type": "library",
            "autoload": {
                "psr-4": {
                    "pocketmine\\snooze\\": "src/"
                }
            },
            "license": [
                "LGPL-3.0"
            ],
            "description": "Thread notification management library for code using the pthreads extension",
            "support": {
                "source": "https://github.com/InfiniteWorld/Snooze_MoreSupport/tree/master_32-bit"
            },
            "time": "2018-08-03T13:06:24+00:00"
        },
        {
            "name": "mdanter/ecc",
            "version": "v0.5.0",
            "source": {
                "type": "git",
                "url": "https://github.com/phpecc/phpecc.git",
                "reference": "ed5c6d496f5310de1b7071b8375fafa3559a1344"
            },
            "dist": {
                "type": "zip",
                "url": "https://api.github.com/repos/phpecc/phpecc/zipball/ed5c6d496f5310de1b7071b8375fafa3559a1344",
                "reference": "ed5c6d496f5310de1b7071b8375fafa3559a1344",
                "shasum": ""
            },
            "require": {
                "ext-gmp": "*",
                "fgrosse/phpasn1": "v2.0.x",
                "php": ">=7.0"
            },
            "require-dev": {
                "phpunit/phpunit": "^6.0",
                "squizlabs/php_codesniffer": "~2",
                "symfony/yaml": "~2.6|~3.0"
            },
            "type": "library",
            "autoload": {
                "psr-4": {
                    "Mdanter\\Ecc\\": "src/"
                }
            },
            "notification-url": "https://packagist.org/downloads/",
            "license": [
                "MIT"
            ],
            "authors": [
                {
                    "name": "Matyas Danter",
                    "homepage": "http://matejdanter.com/",
                    "role": "Author"
                },
                {
                    "name": "Thibaud Fabre",
                    "email": "thibaud@aztech.io",
                    "homepage": "http://aztech.io",
                    "role": "Maintainer"
                },
                {
                    "name": "Thomas Kerin",
                    "email": "afk11@users.noreply.github.com",
                    "role": "Maintainer"
                }
            ],
            "description": "PHP Elliptic Curve Cryptography library",
            "homepage": "https://github.com/phpecc/phpecc",
            "keywords": [
                "Diffie",
                "ECDSA",
                "Hellman",
                "curve",
                "ecdh",
                "elliptic",
                "nistp192",
                "nistp224",
                "nistp256",
                "nistp384",
                "nistp521",
                "phpecc",
                "secp256k1",
                "secp256r1"
            ],
            "time": "2017-10-09T16:05:37+00:00"
        },
        {
            "name": "pocketmine/spl",
            "version": "0.3.1",
            "source": {
                "type": "git",
                "url": "https://github.com/pmmp/SPL.git",
                "reference": "ca3912099543ddc4b4b14f40e258d84ca547dfa5"
            },
            "dist": {
                "type": "zip",
                "url": "https://api.github.com/repos/pmmp/SPL/zipball/ca3912099543ddc4b4b14f40e258d84ca547dfa5",
                "reference": "ca3912099543ddc4b4b14f40e258d84ca547dfa5",
                "shasum": ""
            },
            "type": "library",
            "autoload": {
                "exclude-from-classmap": [
                    "stubs"
                ],
                "classmap": [
                    "./"
                ]
            },
            "license": [
                "LGPL-3.0"
            ],
            "description": "Standard library files required by PocketMine-MP and related projects",
            "support": {
                "source": "https://github.com/pmmp/SPL/tree/0.3.1"
            },
            "time": "2018-06-09T17:30:36+00:00"
        }
    ],
    "packages-dev": [],
    "aliases": [
        {
            "alias": "0.12.0",
            "alias_normalized": "0.12.0.0",
            "version": "dev-master_32-bit",
            "package": "infiniteworld/raklib"
        },
        {
            "alias": "0.1.0",
            "alias_normalized": "0.1.0.0",
            "version": "dev-master_32-bit",
            "package": "infiniteworld/binaryutils"
        },
        {
            "alias": "0.2.1",
            "alias_normalized": "0.2.1.0",
            "version": "dev-master_32-bit",
            "package": "infiniteworld/nbt"
        },
        {
            "alias": "0.1.0",
            "alias_normalized": "0.1.0.0",
            "version": "dev-master_32-bit",
            "package": "infiniteworld/snooze"
        }
    ],
    "minimum-stability": "stable",
    "stability-flags": {
        "ext-pthreads": 20,
        "infiniteworld/raklib": 20,
        "infiniteworld/binaryutils": 20,
        "infiniteworld/nbt": 20,
        "infiniteworld/math": 20,
        "infiniteworld/snooze": 20
    },
    "prefer-stable": false,
    "prefer-lowest": false,
    "platform": {
        "php": ">=7.2.0",
        "ext-bcmath": "*",
        "ext-curl": "*",
        "ext-crypto": "^0.3.1",
        "ext-ctype": "*",
        "ext-date": "*",
        "ext-gmp": "*",
        "ext-hash": "*",
        "ext-json": "*",
        "ext-mbstring": "*",
        "ext-openssl": "*",
        "ext-pcre": "*",
        "ext-phar": "*",
        "ext-pthreads": ">=3.1.7dev",
        "ext-reflection": "*",
        "ext-sockets": "*",
        "ext-spl": "*",
        "ext-yaml": ">=2.0.0",
        "ext-zip": "*",
        "ext-zlib": ">=1.2.11"
    },
    "platform-dev": []
}
