{
    "_readme": [
        "This file locks the dependencies of your project to a known state",
        "Read more about it at https://getcomposer.org/doc/01-basic-usage.md#installing-dependencies",
        "This file is @generated automatically"
    ],
    "content-hash": "c9cfdc716006c436f4fc8a34f207dd6c",
    "packages": [
        {
            "name": "adhocore/json-comment",
            "version": "v0.0.7",
            "source": {
                "type": "git",
                "url": "https://github.com/adhocore/php-json-comment.git",
                "reference": "135356c7e7336ef59924f1d921c770045f937a76"
            },
            "dist": {
                "type": "zip",
                "url": "https://api.github.com/repos/adhocore/php-json-comment/zipball/135356c7e7336ef59924f1d921c770045f937a76",
                "reference": "135356c7e7336ef59924f1d921c770045f937a76",
                "shasum": ""
            },
            "require": {
                "php": ">=5.4"
            },
            "require-dev": {
                "phpunit/phpunit": "^4.8 || ^5.7 || ^6.5"
            },
            "type": "library",
            "autoload": {
                "psr-4": {
                    "Ahc\\Json\\": "src/"
                }
            },
            "notification-url": "https://packagist.org/downloads/",
            "license": [
                "MIT"
            ],
            "authors": [
                {
                    "name": "Jitendra Adhikari",
                    "email": "jiten.adhikary@gmail.com"
                }
            ],
            "description": "Lightweight JSON comment stripper library for PHP",
            "keywords": [
                "comment",
                "json",
                "strip-comment"
            ],
            "time": "2018-08-01T12:27:26+00:00"
        },
        {
            "name": "daverandom/callback-validator",
            "version": "dev-master",
            "source": {
                "type": "git",
                "url": "https://github.com/DaveRandom/CallbackValidator.git",
                "reference": "d87a08cddbc6099816ed01e50ce25cdfc43b542f"
            },
            "dist": {
                "type": "zip",
                "url": "https://api.github.com/repos/DaveRandom/CallbackValidator/zipball/d87a08cddbc6099816ed01e50ce25cdfc43b542f",
                "reference": "d87a08cddbc6099816ed01e50ce25cdfc43b542f",
                "shasum": ""
            },
            "require": {
                "ext-reflection": "*",
                "php": ">=7.0"
            },
            "require-dev": {
                "phpunit/phpunit": "^6.0"
            },
            "type": "library",
            "autoload": {
                "psr-4": {
                    "DaveRandom\\CallbackValidator\\": "src/"
                }
            },
            "notification-url": "https://packagist.org/downloads/",
            "license": [
                "MIT"
            ],
            "authors": [
                {
                    "name": "Chris Wright",
                    "email": "cw@daverandom.com"
                }
            ],
            "description": "Tools for validating callback signatures",
            "time": "2017-04-03T15:22:41+00:00"
        },
        {
            "name": "fgrosse/phpasn1",
            "version": "v2.1.1",
            "source": {
                "type": "git",
                "url": "https://github.com/fgrosse/PHPASN1.git",
                "reference": "7ebf2a09084a7bbdb7b879c66fdf7ad80461bbe8"
            },
            "dist": {
                "type": "zip",
                "url": "https://api.github.com/repos/fgrosse/PHPASN1/zipball/7ebf2a09084a7bbdb7b879c66fdf7ad80461bbe8",
                "reference": "7ebf2a09084a7bbdb7b879c66fdf7ad80461bbe8",
                "shasum": ""
            },
            "require": {
                "php": ">=7.0.0"
            },
            "require-dev": {
                "phpunit/phpunit": "~6.3",
                "satooshi/php-coveralls": "~2.0"
            },
            "suggest": {
                "ext-gmp": "GMP is the preferred extension for big integer calculations",
                "php-curl": "For loading OID information from the web if they have not bee defined statically"
            },
            "type": "library",
            "extra": {
                "branch-alias": {
                    "dev-master": "2.0.x-dev"
                }
            },
            "autoload": {
                "psr-4": {
                    "FG\\": "lib/"
                }
            },
            "notification-url": "https://packagist.org/downloads/",
            "license": [
                "MIT"
            ],
            "authors": [
                {
                    "name": "Friedrich Große",
                    "email": "friedrich.grosse@gmail.com",
                    "homepage": "https://github.com/FGrosse",
                    "role": "Author"
                },
                {
                    "name": "All contributors",
                    "homepage": "https://github.com/FGrosse/PHPASN1/contributors"
                }
            ],
            "description": "A PHP Framework that allows you to encode and decode arbitrary ASN.1 structures using the ITU-T X.690 Encoding Rules.",
            "homepage": "https://github.com/FGrosse/PHPASN1",
            "keywords": [
                "DER",
                "asn.1",
                "asn1",
                "ber",
                "binary",
                "decoding",
                "encoding",
                "x.509",
                "x.690",
                "x509",
                "x690"
            ],
            "time": "2018-12-02T01:34:34+00:00"
        },
        {
            "name": "infiniteworld/binaryutils",
            "version": "dev-master_32-bit",
            "source": {
                "type": "git",
                "url": "https://github.com/InfiniteWorld/BinaryUtils_MoreSupport.git",
                "reference": "5e966a966554b3611d613b7e9dff9d0c63e75615"
            },
            "dist": {
                "type": "zip",
                "url": "https://api.github.com/repos/InfiniteWorld/BinaryUtils_MoreSupport/zipball/5e966a966554b3611d613b7e9dff9d0c63e75615",
                "reference": "5e966a966554b3611d613b7e9dff9d0c63e75615",
                "shasum": ""
            },
            "require": {
                "php": ">=7.2"
            },
            "type": "library",
            "autoload": {
                "psr-4": {
                    "pocketmine\\utils\\": "src/"
                }
            },
            "license": [
                "LGPL-3.0"
            ],
            "description": "Classes and methods for conveniently handling binary data",
            "support": {
                "source": "https://github.com/InfiniteWorld/BinaryUtils_MoreSupport/tree/master_32-bit"
            },
            "time": "2019-02-12T15:29:38+00:00"
        },
        {
            "name": "infiniteworld/math",
            "version": "dev-master_32-bit",
            "source": {
                "type": "git",
                "url": "https://github.com/InfiniteWorld/Math_MoreSupport.git",
                "reference": "00ff678cca143a7f71cce4211651142d9a0b3f78"
            },
            "dist": {
                "type": "zip",
                "url": "https://api.github.com/repos/InfiniteWorld/Math_MoreSupport/zipball/00ff678cca143a7f71cce4211651142d9a0b3f78",
                "reference": "00ff678cca143a7f71cce4211651142d9a0b3f78",
                "shasum": ""
            },
            "require": {
                "php": ">=7.2.0"
            },
            "type": "library",
            "autoload": {
                "psr-4": {
                    "pocketmine\\math\\": "src/"
                }
            },
            "autoload-dev": {
                "psr-4": {
                    "pocketmine\\math\\": "tests/phpunit/"
                }
            },
            "license": [
                "LGPL-3.0"
            ],
            "description": "PHP library containing math related code used in PocketMine-MP",
            "support": {
                "source": "https://github.com/InfiniteWorld/Math_MoreSupport/tree/master_32-bit"
            },
            "time": "2019-02-12T15:31:54+00:00"
        },
        {
            "name": "infiniteworld/nbt",
            "version": "dev-master_32-bit",
            "source": {
                "type": "git",
                "url": "https://github.com/InfiniteWorld/NBT_MoreSupport.git",
                "reference": "8af84102bf7973470934d026ba9ea6fb9d66d024"
            },
            "dist": {
                "type": "zip",
                "url": "https://api.github.com/repos/InfiniteWorld/NBT_MoreSupport/zipball/8af84102bf7973470934d026ba9ea6fb9d66d024",
                "reference": "8af84102bf7973470934d026ba9ea6fb9d66d024",
                "shasum": ""
            },
            "require": {
                "ext-zlib": "*",
                "infiniteworld/binaryutils": "^0.1.7",
                "php": ">=7.2.0"
            },
            "type": "library",
            "autoload": {
                "psr-4": {
                    "pocketmine\\nbt\\": "src/"
                }
            },
            "autoload-dev": {
                "psr-4": {
                    "pocketmine\\nbt\\": "tests/phpunit/"
                }
            },
            "license": [
                "LGPL-3.0"
            ],
            "description": "PHP library for working with Named Binary Tags",
            "support": {
                "source": "https://github.com/InfiniteWorld/NBT_MoreSupport/tree/master_32-bit"
            },
            "time": "2019-02-12T15:38:03+00:00"
        },
        {
            "name": "infiniteworld/raklib",
            "version": "dev-master_32-bit",
            "source": {
                "type": "git",
                "url": "https://github.com/InfiniteWorld/RakLib_MoreSupport.git",
                "reference": "6475d11856e031b3fd68cd98bc1aa4ee16414da9"
            },
            "dist": {
                "type": "zip",
                "url": "https://api.github.com/repos/InfiniteWorld/RakLib_MoreSupport/zipball/6475d11856e031b3fd68cd98bc1aa4ee16414da9",
                "reference": "6475d11856e031b3fd68cd98bc1aa4ee16414da9",
                "shasum": ""
            },
            "require": {
                "ext-bcmath": "*",
                "ext-pthreads": ">=3.1.7dev",
                "ext-sockets": "*",
                "infiniteworld/binaryutils": "^0.1.0",
                "infiniteworld/snooze": "^0.1.0",
                "php": ">=7.2.0",
                "php-ipv6": "*",
                "pocketmine/spl": "dev-master"
            },
            "type": "library",
            "autoload": {
                "psr-4": {
                    "raklib\\": "src/"
                }
            },
            "license": [
                "GPL-3.0"
            ],
            "description": "A RakNet server implementation written in PHP",
            "support": {
                "source": "https://github.com/InfiniteWorld/RakLib_MoreSupport/tree/master_32-bit"
            },
            "time": "2019-02-22T12:34:28+00:00"
        },
        {
            "name": "infiniteworld/snooze",
            "version": "dev-master_32-bit",
            "source": {
                "type": "git",
                "url": "https://github.com/InfiniteWorld/Snooze_MoreSupport.git",
                "reference": "6383956e0bc8e1fdd1d43ca29d51393c63efd43a"
            },
            "dist": {
                "type": "zip",
                "url": "https://api.github.com/repos/InfiniteWorld/Snooze_MoreSupport/zipball/6383956e0bc8e1fdd1d43ca29d51393c63efd43a",
                "reference": "6383956e0bc8e1fdd1d43ca29d51393c63efd43a",
                "shasum": ""
            },
            "require": {
                "ext-pthreads": ">=3.1.7dev",
                "php": ">=7.2.0"
            },
            "type": "library",
            "autoload": {
                "psr-4": {
                    "pocketmine\\snooze\\": "src/"
                }
            },
            "license": [
                "LGPL-3.0"
            ],
            "description": "Thread notification management library for code using the pthreads extension",
            "support": {
                "source": "https://github.com/InfiniteWorld/Snooze_MoreSupport/tree/master_32-bit"
            },
            "time": "2019-02-12T15:22:19+00:00"
        },
        {
            "name": "mdanter/ecc",
            "version": "v0.5.2",
            "source": {
                "type": "git",
                "url": "https://github.com/phpecc/phpecc.git",
                "reference": "b95f25cc1bacc83a9f0ccd375900b7cfd343029e"
            },
            "dist": {
                "type": "zip",
                "url": "https://api.github.com/repos/phpecc/phpecc/zipball/b95f25cc1bacc83a9f0ccd375900b7cfd343029e",
                "reference": "b95f25cc1bacc83a9f0ccd375900b7cfd343029e",
                "shasum": ""
            },
            "require": {
                "ext-gmp": "*",
                "fgrosse/phpasn1": "^2.0",
                "php": "^7.0"
            },
            "require-dev": {
                "phpunit/phpunit": "^6.0",
                "squizlabs/php_codesniffer": "^2.0",
                "symfony/yaml": "^2.6|^3.0"
            },
            "type": "library",
            "autoload": {
                "psr-4": {
                    "Mdanter\\Ecc\\": "src/"
                }
            },
            "notification-url": "https://packagist.org/downloads/",
            "license": [
                "MIT"
            ],
            "authors": [
                {
                    "name": "Matyas Danter",
                    "homepage": "http://matejdanter.com/",
                    "role": "Author"
                },
                {
                    "name": "Thibaud Fabre",
                    "email": "thibaud@aztech.io",
                    "homepage": "http://aztech.io",
                    "role": "Maintainer"
                },
                {
                    "name": "Thomas Kerin",
                    "email": "afk11@users.noreply.github.com",
                    "role": "Maintainer"
                }
            ],
            "description": "PHP Elliptic Curve Cryptography library",
            "homepage": "https://github.com/phpecc/phpecc",
            "keywords": [
                "Diffie",
                "ECDSA",
                "Hellman",
                "curve",
                "ecdh",
                "elliptic",
                "nistp192",
                "nistp224",
                "nistp256",
                "nistp384",
                "nistp521",
                "phpecc",
                "secp256k1",
                "secp256r1"
            ],
            "time": "2018-12-03T18:17:01+00:00"
        },
        {
            "name": "particle/validator",
            "version": "v2.3.4",
            "source": {
                "type": "git",
                "url": "https://github.com/particle-php/Validator.git",
                "reference": "657c7543e51938dd9d114750e49d695129527a7a"
            },
            "dist": {
                "type": "zip",
                "url": "https://api.github.com/repos/particle-php/Validator/zipball/657c7543e51938dd9d114750e49d695129527a7a",
                "reference": "657c7543e51938dd9d114750e49d695129527a7a",
                "shasum": ""
            },
            "require": {
                "php": ">=5.4"
            },
            "require-dev": {
                "byrokrat/checkdigit": "^1.0",
                "giggsey/libphonenumber-for-php": "^7.2",
                "phpunit/phpunit": "~4.0",
                "squizlabs/php_codesniffer": "2.*"
            },
            "suggest": {
                "byrokrat/checkdigit": "If you want to use CreditCard validation rule, this library must be installed.",
                "giggsey/libphonenumber-for-php": "If you want to use Phone validation rule, this library must be installed."
            },
            "type": "library",
            "extra": {
                "branch-alias": {
                    "dev-master": "2.0-dev"
                }
            },
            "autoload": {
                "psr-4": {
                    "Particle\\Validator\\": "src/"
                }
            },
            "notification-url": "https://packagist.org/downloads/",
            "license": [
                "BSD-3-Clause"
            ],
            "authors": [
                {
                    "name": "Berry Langerak",
                    "email": "berry@berryllium.nl",
                    "role": "Developer"
                },
                {
                    "name": "Rick van der Staaij",
                    "homepage": "http://rickvanderstaaij.nl",
                    "role": "Developer"
                }
            ],
            "description": "Flexible and highly usable validation library with no dependencies.",
            "homepage": "http://github.com/particle-php/validator",
            "keywords": [
                "validation",
                "validator"
            ],
            "time": "2019-01-07T13:39:13+00:00"
        },
        {
            "name": "pocketmine/spl",
            "version": "dev-master",
            "source": {
                "type": "git",
                "url": "https://github.com/pmmp/SPL.git",
                "reference": "d7bd7b8cb10c264ca6e6b5c3ef9b52e48a6f29d8"
            },
            "dist": {
                "type": "zip",
                "url": "https://api.github.com/repos/pmmp/SPL/zipball/d7bd7b8cb10c264ca6e6b5c3ef9b52e48a6f29d8",
                "reference": "d7bd7b8cb10c264ca6e6b5c3ef9b52e48a6f29d8",
                "shasum": ""
            },
            "type": "library",
            "autoload": {
                "exclude-from-classmap": [
                    "stubs"
                ],
                "classmap": [
                    "./"
                ]
            },
            "license": [
                "LGPL-3.0"
            ],
            "description": "Standard library files required by PocketMine-MP and related projects",
            "support": {
                "source": "https://github.com/pmmp/SPL/tree/master"
            },
            "time": "2019-01-17T18:54:01+00:00"
        }
    ],
    "packages-dev": [],
    "aliases": [
        {
            "alias": "0.1.7",
            "alias_normalized": "0.1.7.0",
            "version": "dev-master_32-bit",
            "package": "infiniteworld/binaryutils"
        },
        {
            "alias": "0.1.0",
            "alias_normalized": "0.1.0.0",
            "version": "dev-master_32-bit",
            "package": "infiniteworld/snooze"
        }
    ],
    "minimum-stability": "stable",
    "stability-flags": {
        "ext-pthreads": 20,
        "infiniteworld/raklib": 20,
        "pocketmine/spl": 20,
        "infiniteworld/binaryutils": 20,
        "infiniteworld/nbt": 20,
        "infiniteworld/math": 20,
        "infiniteworld/snooze": 20,
        "daverandom/callback-validator": 20
    },
    "prefer-stable": false,
    "prefer-lowest": false,
    "platform": {
        "php": ">=7.2.0",
        "ext-bcmath": "*",
        "ext-curl": "*",
        "ext-crypto": "^0.3.1",
        "ext-ctype": "*",
        "ext-date": "*",
        "ext-gmp": "*",
        "ext-hash": "*",
        "ext-json": "*",
        "ext-mbstring": "*",
        "ext-openssl": "*",
        "ext-pcre": "*",
        "ext-phar": "*",
        "ext-pthreads": ">=3.1.7dev",
        "ext-reflection": "*",
        "ext-sockets": "*",
        "ext-spl": "*",
        "ext-yaml": ">=2.0.0",
        "ext-zip": "*",
        "ext-zlib": ">=1.2.11"
    },
    "platform-dev": []
}
